
Microsoft Visual Studio Solution File, Format Version 12.00
Project("{FAE04EC0-301F-11D3-BF4B-00C04F79EFBC}") = "Clock.Maui", "Clock.Maui\Clock.Maui.csproj", "{98488FBC-DA64-43A6-9082-825A47FE0F95}"
EndProject
Global
	GlobalSection(SolutionConfigurationPlatforms) = preSolution
		Debug|Any CPU = Debug|Any CPU
		Release|Any CPU = Release|Any CPU
	EndGlobalSection
	GlobalSection(ProjectConfigurationPlatforms) = postSolution
		{98488FBC-DA64-43A6-9082-825A47FE0F95}.Debug|Any CPU.ActiveCfg = Debug|Any CPU
		{98488FBC-DA64-43A6-9082-825A47FE0F95}.Debug|Any CPU.Build.0 = Debug|Any CPU
		{98488FBC-DA64-43A6-9082-825A47FE0F95}.Release|Any CPU.ActiveCfg = Release|Any CPU
		{98488FBC-DA64-43A6-9082-825A47FE0F95}.Release|Any CPU.Build.0 = Release|Any CPU
	EndGlobalSection
EndGlobal
